{
  "object": {
    "pins": [
      {
        "package": "SwiftUIX",
        "repositoryURL": "https://github.com/SwiftUIX/SwiftUIX.git",
        "state": {
          "branch": null,
          "revision": "e0fd9ff48354a447d5dccdb4b485a69b63688e48",
          "version": "0.0.6"
        }
      }
    ]
  },
  "version": 1
}
